
Microsoft Visual Studio Solution File, Format Version 12.00
# Visual Studio Version 16
VisualStudioVersion = 16.0.29230.47
MinimumVisualStudioVersion = 10.0.40219.1
Project("{8BC9CEB8-8B4A-11D0-8D11-00A0C91BC942}") = "lab36", "lab36\lab36.vcxproj", "{DC71ED24-CC2B-41F8-8C3C-46B76C6EDBD4}"
EndProject
Global
	GlobalSection(SolutionConfigurationPlatforms) = preSolution
		Debug|x64 = Debug|x64
		Debug|x86 = Debug|x86
		Release|x64 = Release|x64
		Release|x86 = Release|x86
	EndGlobalSection
	GlobalSection(ProjectConfigurationPlatforms) = postSolution
		{DC71ED24-CC2B-41F8-8C3C-46B76C6EDBD4}.Debug|x64.ActiveCfg = Debug|x64
		{DC71ED24-CC2B-41F8-8C3C-46B76C6EDBD4}.Debug|x64.Build.0 = Debug|x64
		{DC71ED24-CC2B-41F8-8C3C-46B76C6EDBD4}.Debug|x86.ActiveCfg = Debug|Win32
		{DC71ED24-CC2B-41F8-8C3C-46B76C6EDBD4}.Debug|x86.Build.0 = Debug|Win32
		{DC71ED24-CC2B-41F8-8C3C-46B76C6EDBD4}.Release|x64.ActiveCfg = Release|x64
		{DC71ED24-CC2B-41F8-8C3C-46B76C6EDBD4}.Release|x64.Build.0 = Release|x64
		{DC71ED24-CC2B-41F8-8C3C-46B76C6EDBD4}.Release|x86.ActiveCfg = Release|Win32
		{DC71ED24-CC2B-41F8-8C3C-46B76C6EDBD4}.Release|x86.Build.0 = Release|Win32
	EndGlobalSection
	GlobalSection(SolutionProperties) = preSolution
		HideSolutionNode = FALSE
	EndGlobalSection
	GlobalSection(ExtensibilityGlobals) = postSolution
		SolutionGuid = {A25B175C-AA0D-4720-95AC-D86369A40368}
	EndGlobalSection
EndGlobal
